
Microsoft Visual Studio Solution File, Format Version 12.00
# Visual Studio Version 17
VisualStudioVersion = 17.9.34607.119
MinimumVisualStudioVersion = 10.0.40219.1
Project("{FAE04EC0-301F-11D3-BF4B-00C04F79EFBC}") = "PdfFillerApp", "PdfFillerApp.csproj", "{948D5F7C-5E8F-451F-8AE8-D45CC2A52DAA}"
EndProject
Global
	GlobalSection(SolutionConfigurationPlatforms) = preSolution
		Debug|Any CPU = Debug|Any CPU
		Release|Any CPU = Release|Any CPU
	EndGlobalSection
	GlobalSection(ProjectConfigurationPlatforms) = postSolution
		{948D5F7C-5E8F-451F-8AE8-D45CC2A52DAA}.Debug|Any CPU.ActiveCfg = Debug|Any CPU
		{948D5F7C-5E8F-451F-8AE8-D45CC2A52DAA}.Debug|Any CPU.Build.0 = Debug|Any CPU
		{948D5F7C-5E8F-451F-8AE8-D45CC2A52DAA}.Release|Any CPU.ActiveCfg = Release|Any CPU
		{948D5F7C-5E8F-451F-8AE8-D45CC2A52DAA}.Release|Any CPU.Build.0 = Release|Any CPU
	EndGlobalSection
	GlobalSection(SolutionProperties) = preSolution
		HideSolutionNode = FALSE
	EndGlobalSection
	GlobalSection(ExtensibilityGlobals) = postSolution
		SolutionGuid = {D09C2623-0499-4583-AF2D-E211CF8EF48E}
	EndGlobalSection
EndGlobal
